
Microsoft Visual Studio Solution File, Format Version 12.00
# Visual Studio Version 17
VisualStudioVersion = 17.14.36414.22 d17.14
MinimumVisualStudioVersion = 10.0.40219.1
Project("{FAE04EC0-301F-11D3-BF4B-00C04F79EFBC}") = "dotnet-mvc-first-app", "dotnet-mvc-first-app\dotnet-mvc-first-app.csproj", "{3F0E483E-0B51-46AF-B9A8-D26545E6D300}"
EndProject
Global
	GlobalSection(SolutionConfigurationPlatforms) = preSolution
		Debug|Any CPU = Debug|Any CPU
		Release|Any CPU = Release|Any CPU
	EndGlobalSection
	GlobalSection(ProjectConfigurationPlatforms) = postSolution
		{3F0E483E-0B51-46AF-B9A8-D26545E6D300}.Debug|Any CPU.ActiveCfg = Debug|Any CPU
		{3F0E483E-0B51-46AF-B9A8-D26545E6D300}.Debug|Any CPU.Build.0 = Debug|Any CPU
		{3F0E483E-0B51-46AF-B9A8-D26545E6D300}.Release|Any CPU.ActiveCfg = Release|Any CPU
		{3F0E483E-0B51-46AF-B9A8-D26545E6D300}.Release|Any CPU.Build.0 = Release|Any CPU
	EndGlobalSection
	GlobalSection(SolutionProperties) = preSolution
		HideSolutionNode = FALSE
	EndGlobalSection
	GlobalSection(ExtensibilityGlobals) = postSolution
		SolutionGuid = {0D3B38FC-8ECB-418D-84BD-44B151A3DAA8}
	EndGlobalSection
EndGlobal
